// !$*UTF8*$!
{
	archiveVersion = 1;
	classes = {
	};
	objectVersion = 46;
	objects = {

/* Begin PBXBuildFile section */
		81C0A6181C6F8E5C004E47A1 /* AppDelegate.swift in Sources */ = {isa = PBXBuildFile; fileRef = 81C0A6171C6F8E5C004E47A1 /* AppDelegate.swift */; };
		81C0A61A1C6F8E5C004E47A1 /* ViewController.swift in Sources */ = {isa = PBXBuildFile; fileRef = 81C0A6191C6F8E5C004E47A1 /* ViewController.swift */; };
		81C0A61D1C6F8E5C004E47A1 /* Main.storyboard in Resources */ = {isa = PBXBuildFile; fileRef = 81C0A61B1C6F8E5C004E47A1 /* Main.storyboard */; };
		81C0A61F1C6F8E5C004E47A1 /* Assets.xcassets in Resources */ = {isa = PBXBuildFile; fileRef = 81C0A61E1C6F8E5C004E47A1 /* Assets.xcassets */; };
		81C0A6221C6F8E5C004E47A1 /* LaunchScreen.storyboard in Resources */ = {isa = PBXBuildFile; fileRef = 81C0A6201C6F8E5C004E47A1 /* LaunchScreen.storyboard */; };
		81C0A62D1C6F8E5C004E47A1 /* RegisterTests.swift in Sources */ = {isa = PBXBuildFile; fileRef = 81C0A62C1C6F8E5C004E47A1 /* RegisterTests.swift */; };
		81C0A6381C6F8E5C004E47A1 /* RegisterUITests.swift in Sources */ = {isa = PBXBuildFile; fileRef = 81C0A6371C6F8E5C004E47A1 /* RegisterUITests.swift */; };
/* End PBXBuildFile section */

/* Begin PBXContainerItemProxy section */
		81C0A6291C6F8E5C004E47A1 /* PBXContainerItemProxy */ = {
			isa = PBXContainerItemProxy;
			containerPortal = 81C0A60C1C6F8E5C004E47A1 /* Project object */;
			proxyType = 1;
			remoteGlobalIDString = 81C0A6131C6F8E5C004E47A1;
			remoteInfo = Register;
		};
		81C0A6341C6F8E5C004E47A1 /* PBXContainerItemProxy */ = {
			isa = PBXContainerItemProxy;
			containerPortal = 81C0A60C1C6F8E5C004E47A1 /* Project object */;
			proxyType = 1;
			remoteGlobalIDString = 81C0A6131C6F8E5C004E47A1;
			remoteInfo = Register;
		};
/* End PBXContainerItemProxy section */

/* Begin PBXFileReference section */
		81C0A6141C6F8E5C004E47A1 /* Register.app */ = {isa = PBXFileReference; explicitFileType = wrapper.application; includeInIndex = 0; path = Register.app; sourceTree = BUILT_PRODUCTS_DIR; };
		81C0A6171C6F8E5C004E47A1 /* AppDelegate.swift */ = {isa = PBXFileReference; lastKnownFileType = sourcecode.swift; path = AppDelegate.swift; sourceTree = "<group>"; };
		81C0A6191C6F8E5C004E47A1 /* ViewController.swift */ = {isa = PBXFileReference; lastKnownFileType = sourcecode.swift; path = ViewController.swift; sourceTree = "<group>"; };
		81C0A61C1C6F8E5C004E47A1 /* Base */ = {isa = PBXFileReference; lastKnownFileType = file.storyboard; name = Base; path = Base.lproj/Main.storyboard; sourceTree = "<group>"; };
		81C0A61E1C6F8E5C004E47A1 /* Assets.xcassets */ = {isa = PBXFileReference; lastKnownFileType = folder.assetcatalog; path = Assets.xcassets; sourceTree = "<group>"; };
		81C0A6211C6F8E5C004E47A1 /* Base */ = {isa = PBXFileReference; lastKnownFileType = file.storyboard; name = Base; path = Base.lproj/LaunchScreen.storyboard; sourceTree = "<group>"; };
		81C0A6231C6F8E5C004E47A1 /* Info.plist */ = {isa = PBXFileReference; lastKnownFileType = text.plist.xml; path = Info.plist; sourceTree = "<group>"; };
		81C0A6281C6F8E5C004E47A1 /* RegisterTests.xctest */ = {isa = PBXFileReference; explicitFileType = wrapper.cfbundle; includeInIndex = 0; path = RegisterTests.xctest; sourceTree = BUILT_PRODUCTS_DIR; };
		81C0A62C1C6F8E5C004E47A1 /* RegisterTests.swift */ = {isa = PBXFileReference; lastKnownFileType = sourcecode.swift; path = RegisterTests.swift; sourceTree = "<group>"; };
		81C0A62E1C6F8E5C004E47A1 /* Info.plist */ = {isa = PBXFileReference; lastKnownFileType = text.plist.xml; path = Info.plist; sourceTree = "<group>"; };
		81C0A6331C6F8E5C004E47A1 /* RegisterUITests.xctest */ = {isa = PBXFileReference; explicitFileType = wrapper.cfbundle; includeInIndex = 0; path = RegisterUITests.xctest; sourceTree = BUILT_PRODUCTS_DIR; };
		81C0A6371C6F8E5C004E47A1 /* RegisterUITests.swift */ = {isa = PBXFileReference; lastKnownFileType = sourcecode.swift; path = RegisterUITests.swift; sourceTree = "<group>"; };
		81C0A6391C6F8E5C004E47A1 /* Info.plist */ = {isa = PBXFileReference; lastKnownFileType = text.plist.xml; path = Info.plist; sourceTree = "<group>"; };
/* End PBXFileReference section */

/* Begin PBXFrameworksBuildPhase section */
		81C0A6111C6F8E5C004E47A1 /* Frameworks */ = {
			isa = PBXFrameworksBuildPhase;
			buildActionMask = 2147483647;
			files = (
			);
			runOnlyForDeploymentPostprocessing = 0;
		};
		81C0A6251C6F8E5C004E47A1 /* Frameworks */ = {
			isa = PBXFrameworksBuildPhase;
			buildActionMask = 2147483647;
			files = (
			);
			runOnlyForDeploymentPostprocessing = 0;
		};
		81C0A6301C6F8E5C004E47A1 /* Frameworks */ = {
			isa = PBXFrameworksBuildPhase;
			buildActionMask = 2147483647;
			files = (
			);
			runOnlyForDeploymentPostprocessing = 0;
		};
/* End PBXFrameworksBuildPhase section */

/* Begin PBXGroup section */
		81C0A60B1C6F8E5C004E47A1 = {
			isa = PBXGroup;
			children = (
				81C0A6161C6F8E5C004E47A1 /* Register */,
				81C0A62B1C6F8E5C004E47A1 /* RegisterTests */,
				81C0A6361C6F8E5C004E47A1 /* RegisterUITests */,
				81C0A6151C6F8E5C004E47A1 /* Products */,
			);
			sourceTree = "<group>";
		};
		81C0A6151C6F8E5C004E47A1 /* Products */ = {
			isa = PBXGroup;
			children = (
				81C0A6141C6F8E5C004E47A1 /* Register.app */,
				81C0A6281C6F8E5C004E47A1 /* RegisterTests.xctest */,
				81C0A6331C6F8E5C004E47A1 /* RegisterUITests.xctest */,
			);
			name = Products;
			sourceTree = "<group>";
		};
		81C0A6161C6F8E5C004E47A1 /* Register */ = {
			isa = PBXGroup;
			children = (
				81C0A6171C6F8E5C004E47A1 /* AppDelegate.swift */,
				81C0A6191C6F8E5C004E47A1 /* ViewController.swift */,
				81C0A61B1C6F8E5C004E47A1 /* Main.storyboard */,
				81C0A61E1C6F8E5C004E47A1 /* Assets.xcassets */,
				81C0A6201C6F8E5C004E47A1 /* LaunchScreen.storyboard */,
				81C0A6231C6F8E5C004E47A1 /* Info.plist */,
			);
			path = Register;
			sourceTree = "<group>";
		};
		81C0A62B1C6F8E5C004E47A1 /* RegisterTests */ = {
			isa = PBXGroup;
			children = (
				81C0A62C1C6F8E5C004E47A1 /* RegisterTests.swift */,
				81C0A62E1C6F8E5C004E47A1 /* Info.plist */,
			);
			path = RegisterTests;
			sourceTree = "<group>";
		};
		81C0A6361C6F8E5C004E47A1 /* RegisterUITests */ = {
			isa = PBXGroup;
			children = (
				81C0A6371C6F8E5C004E47A1 /* RegisterUITests.swift */,
				81C0A6391C6F8E5C004E47A1 /* Info.plist */,
			);
			path = RegisterUITests;
			sourceTree = "<group>";
		};
/* End PBXGroup section */

/* Begin PBXNativeTarget section */
		81C0A6131C6F8E5C004E47A1 /* Register */ = {
			isa = PBXNativeTarget;
			buildConfigurationList = 81C0A63C1C6F8E5C004E47A1 /* Build configuration list for PBXNativeTarget "Register" */;
			buildPhases = (
				81C0A6101C6F8E5C004E47A1 /* Sources */,
				81C0A6111C6F8E5C004E47A1 /* Frameworks */,
				81C0A6121C6F8E5C004E47A1 /* Resources */,
			);
			buildRules = (
			);
			dependencies = (
			);
			name = Register;
			productName = Register;
			productReference = 81C0A6141C6F8E5C004E47A1 /* Register.app */;
			productType = "com.apple.product-type.application";
		};
		81C0A6271C6F8E5C004E47A1 /* RegisterTests */ = {
			isa = PBXNativeTarget;
			buildConfigurationList = 81C0A63F1C6F8E5D004E47A1 /* Build configuration list for PBXNativeTarget "RegisterTests" */;
			buildPhases = (
				81C0A6241C6F8E5C004E47A1 /* Sources */,
				81C0A6251C6F8E5C004E47A1 /* Frameworks */,
				81C0A6261C6F8E5C004E47A1 /* Resources */,
			);
			buildRules = (
			);
			dependencies = (
				81C0A62A1C6F8E5C004E47A1 /* PBXTargetDependency */,
			);
			name = RegisterTests;
			productName = RegisterTests;
			productReference = 81C0A6281C6F8E5C004E47A1 /* RegisterTests.xctest */;
			productType = "com.apple.product-type.bundle.unit-test";
		};
		81C0A6321C6F8E5C004E47A1 /* RegisterUITests */ = {
			isa = PBXNativeTarget;
			buildConfigurationList = 81C0A6421C6F8E5D004E47A1 /* Build configuration list for PBXNativeTarget "RegisterUITests" */;
			buildPhases = (
				81C0A62F1C6F8E5C004E47A1 /* Sources */,
				81C0A6301C6F8E5C004E47A1 /* Frameworks */,
				81C0A6311C6F8E5C004E47A1 /* Resources */,
			);
			buildRules = (
			);
			dependencies = (
				81C0A6351C6F8E5C004E47A1 /* PBXTargetDependency */,
			);
			name = RegisterUITests;
			productName = RegisterUITests;
			productReference = 81C0A6331C6F8E5C004E47A1 /* RegisterUITests.xctest */;
			productType = "com.apple.product-type.bundle.ui-testing";
		};
/* End PBXNativeTarget section */

/* Begin PBXProject section */
		81C0A60C1C6F8E5C004E47A1 /* Project object */ = {
			isa = PBXProject;
			attributes = {
				LastSwiftUpdateCheck = 0720;
				LastUpgradeCheck = 0720;
				ORGANIZATIONNAME = "Robert Masen";
				TargetAttributes = {
					81C0A6131C6F8E5C004E47A1 = {
						CreatedOnToolsVersion = 7.2.1;
					};
					81C0A6271C6F8E5C004E47A1 = {
						CreatedOnToolsVersion = 7.2.1;
						TestTargetID = 81C0A6131C6F8E5C004E47A1;
					};
					81C0A6321C6F8E5C004E47A1 = {
						CreatedOnToolsVersion = 7.2.1;
						TestTargetID = 81C0A6131C6F8E5C004E47A1;
					};
				};
			};
			buildConfigurationList = 81C0A60F1C6F8E5C004E47A1 /* Build configuration list for PBXProject "Register" */;
			compatibilityVersion = "Xcode 3.2";
			developmentRegion = English;
			hasScannedForEncodings = 0;
			knownRegions = (
				en,
				Base,
			);
			mainGroup = 81C0A60B1C6F8E5C004E47A1;
			productRefGroup = 81C0A6151C6F8E5C004E47A1 /* Products */;
			projectDirPath = "";
			projectRoot = "";
			targets = (
				81C0A6131C6F8E5C004E47A1 /* Register */,
				81C0A6271C6F8E5C004E47A1 /* RegisterTests */,
				81C0A6321C6F8E5C004E47A1 /* RegisterUITests */,
			);
		};
/* End PBXProject section */

/* Begin PBXResourcesBuildPhase section */
		81C0A6121C6F8E5C004E47A1 /* Resources */ = {
			isa = PBXResourcesBuildPhase;
			buildActionMask = 2147483647;
			files = (
				81C0A6221C6F8E5C004E47A1 /* LaunchScreen.storyboard in Resources */,
				81C0A61F1C6F8E5C004E47A1 /* Assets.xcassets in Resources */,
				81C0A61D1C6F8E5C004E47A1 /* Main.storyboard in Resources */,
			);
			runOnlyForDeploymentPostprocessing = 0;
		};
		81C0A6261C6F8E5C004E47A1 /* Resources */ = {
			isa = PBXResourcesBuildPhase;
			buildActionMask = 2147483647;
			files = (
			);
			runOnlyForDeploymentPostprocessing = 0;
		};
		81C0A6311C6F8E5C004E47A1 /* Resources */ = {
			isa = PBXResourcesBuildPhase;
			buildActionMask = 2147483647;
			files = (
			);
			runOnlyForDeploymentPostprocessing = 0;
		};
/* End PBXResourcesBuildPhase section */

/* Begin PBXSourcesBuildPhase section */
		81C0A6101C6F8E5C004E47A1 /* Sources */ = {
			isa = PBXSourcesBuildPhase;
			buildActionMask = 2147483647;
			files = (
				81C0A61A1C6F8E5C004E47A1 /* ViewController.swift in Sources */,
				81C0A6181C6F8E5C004E47A1 /* AppDelegate.swift in Sources */,
			);
			runOnlyForDeploymentPostprocessing = 0;
		};
		81C0A6241C6F8E5C004E47A1 /* Sources */ = {
			isa = PBXSourcesBuildPhase;
			buildActionMask = 2147483647;
			files = (
				81C0A62D1C6F8E5C004E47A1 /* RegisterTests.swift in Sources */,
			);
			runOnlyForDeploymentPostprocessing = 0;
		};
		81C0A62F1C6F8E5C004E47A1 /* Sources */ = {
			isa = PBXSourcesBuildPhase;
			buildActionMask = 2147483647;
			files = (
				81C0A6381C6F8E5C004E47A1 /* RegisterUITests.swift in Sources */,
			);
			runOnlyForDeploymentPostprocessing = 0;
		};
/* End PBXSourcesBuildPhase section */

/* Begin PBXTargetDependency section */
		81C0A62A1C6F8E5C004E47A1 /* PBXTargetDependency */ = {
			isa = PBXTargetDependency;
			target = 81C0A6131C6F8E5C004E47A1 /* Register */;
			targetProxy = 81C0A6291C6F8E5C004E47A1 /* PBXContainerItemProxy */;
		};
		81C0A6351C6F8E5C004E47A1 /* PBXTargetDependency */ = {
			isa = PBXTargetDependency;
			target = 81C0A6131C6F8E5C004E47A1 /* Register */;
			targetProxy = 81C0A6341C6F8E5C004E47A1 /* PBXContainerItemProxy */;
		};
/* End PBXTargetDependency section */

/* Begin PBXVariantGroup section */
		81C0A61B1C6F8E5C004E47A1 /* Main.storyboard */ = {
			isa = PBXVariantGroup;
			children = (
				81C0A61C1C6F8E5C004E47A1 /* Base */,
			);
			name = Main.storyboard;
			sourceTree = "<group>";
		};
		81C0A6201C6F8E5C004E47A1 /* LaunchScreen.storyboard */ = {
			isa = PBXVariantGroup;
			children = (
				81C0A6211C6F8E5C004E47A1 /* Base */,
			);
			name = LaunchScreen.storyboard;
			sourceTree = "<group>";
		};
/* End PBXVariantGroup section */

/* Begin XCBuildConfiguration section */
		81C0A63A1C6F8E5C004E47A1 /* Debug */ = {
			isa = XCBuildConfiguration;
			buildSettings = {
				ALWAYS_SEARCH_USER_PATHS = NO;
				CLANG_CXX_LANGUAGE_STANDARD = "gnu++0x";
				CLANG_CXX_LIBRARY = "libc++";
				CLANG_ENABLE_MODULES = YES;
				CLANG_ENABLE_OBJC_ARC = YES;
				CLANG_WARN_BOOL_CONVERSION = YES;
				CLANG_WARN_CONSTANT_CONVERSION = YES;
				CLANG_WARN_DIRECT_OBJC_ISA_USAGE = YES_ERROR;
				CLANG_WARN_EMPTY_BODY = YES;
				CLANG_WARN_ENUM_CONVERSION = YES;
				CLANG_WARN_INT_CONVERSION = YES;
				CLANG_WARN_OBJC_ROOT_CLASS = YES_ERROR;
				CLANG_WARN_UNREACHABLE_CODE = YES;
				CLANG_WARN__DUPLICATE_METHOD_MATCH = YES;
				"CODE_SIGN_IDENTITY[sdk=iphoneos*]" = "iPhone Developer";
				COPY_PHASE_STRIP = NO;
				DEBUG_INFORMATION_FORMAT = dwarf;
				ENABLE_STRICT_OBJC_MSGSEND = YES;
				ENABLE_TESTABILITY = YES;
				GCC_C_LANGUAGE_STANDARD = gnu99;
				GCC_DYNAMIC_NO_PIC = NO;
				GCC_NO_COMMON_BLOCKS = YES;
				GCC_OPTIMIZATION_LEVEL = 0;
				GCC_PREPROCESSOR_DEFINITIONS = (
					"DEBUG=1",
					"$(inherited)",
				);
				GCC_WARN_64_TO_32_BIT_CONVERSION = YES;
				GCC_WARN_ABOUT_RETURN_TYPE = YES_ERROR;
				GCC_WARN_UNDECLARED_SELECTOR = YES;
				GCC_WARN_UNINITIALIZED_AUTOS = YES_AGGRESSIVE;
				GCC_WARN_UNUSED_FUNCTION = YES;
				GCC_WARN_UNUSED_VARIABLE = YES;
				IPHONEOS_DEPLOYMENT_TARGET = 9.2;
				MTL_ENABLE_DEBUG_INFO = YES;
				ONLY_ACTIVE_ARCH = YES;
				SDKROOT = iphoneos;
				SWIFT_OPTIMIZATION_LEVEL = "-Onone";
				TARGETED_DEVICE_FAMILY = "1,2";
			};
			name = Debug;
		};
		81C0A63B1C6F8E5C004E47A1 /* Release */ = {
			isa = XCBuildConfiguration;
			buildSettings = {
				ALWAYS_SEARCH_USER_PATHS = NO;
				CLANG_CXX_LANGUAGE_STANDARD = "gnu++0x";
				CLANG_CXX_LIBRARY = "libc++";
				CLANG_ENABLE_MODULES = YES;
				CLANG_ENABLE_OBJC_ARC = YES;
				CLANG_WARN_BOOL_CONVERSION = YES;
				CLANG_WARN_CONSTANT_CONVERSION = YES;
				CLANG_WARN_DIRECT_OBJC_ISA_USAGE = YES_ERROR;
				CLANG_WARN_EMPTY_BODY = YES;
				CLANG_WARN_ENUM_CONVERSION = YES;
				CLANG_WARN_INT_CONVERSION = YES;
				CLANG_WARN_OBJC_ROOT_CLASS = YES_ERROR;
				CLANG_WARN_UNREACHABLE_CODE = YES;
				CLANG_WARN__DUPLICATE_METHOD_MATCH = YES;
				"CODE_SIGN_IDENTITY[sdk=iphoneos*]" = "iPhone Developer";
				COPY_PHASE_STRIP = NO;
				DEBUG_INFORMATION_FORMAT = "dwarf-with-dsym";
				ENABLE_NS_ASSERTIONS = NO;
				ENABLE_STRICT_OBJC_MSGSEND = YES;
				GCC_C_LANGUAGE_STANDARD = gnu99;
				GCC_NO_COMMON_BLOCKS = YES;
				GCC_WARN_64_TO_32_BIT_CONVERSION = YES;
				GCC_WARN_ABOUT_RETURN_TYPE = YES_ERROR;
				GCC_WARN_UNDECLARED_SELECTOR = YES;
				GCC_WARN_UNINITIALIZED_AUTOS = YES_AGGRESSIVE;
				GCC_WARN_UNUSED_FUNCTION = YES;
				GCC_WARN_UNUSED_VARIABLE = YES;
				IPHONEOS_DEPLOYMENT_TARGET = 9.2;
				MTL_ENABLE_DEBUG_INFO = NO;
				SDKROOT = iphoneos;
				TARGETED_DEVICE_FAMILY = "1,2";
				VALIDATE_PRODUCT = YES;
			};
			name = Release;
		};
		81C0A63D1C6F8E5C004E47A1 /* Debug */ = {
			isa = XCBuildConfiguration;
			buildSettings = {
				ASSETCATALOG_COMPILER_APPICON_NAME = AppIcon;
				INFOPLIST_FILE = Register/Info.plist;
				LD_RUNPATH_SEARCH_PATHS = "$(inherited) @executable_path/Frameworks";
				PRODUCT_BUNDLE_IDENTIFIER = MCTC.Register;
				PRODUCT_NAME = "$(TARGET_NAME)";
			};
			name = Debug;
		};
		81C0A63E1C6F8E5C004E47A1 /* Release */ = {
			isa = XCBuildConfiguration;
			buildSettings = {
				ASSETCATALOG_COMPILER_APPICON_NAME = AppIcon;
				INFOPLIST_FILE = Register/Info.plist;
				LD_RUNPATH_SEARCH_PATHS = "$(inherited) @executable_path/Frameworks";
				PRODUCT_BUNDLE_IDENTIFIER = MCTC.Register;
				PRODUCT_NAME = "$(TARGET_NAME)";
			};
			name = Release;
		};
		81C0A6401C6F8E5D004E47A1 /* Debug */ = {
			isa = XCBuildConfiguration;
			buildSettings = {
				BUNDLE_LOADER = "$(TEST_HOST)";
				INFOPLIST_FILE = RegisterTests/Info.plist;
				LD_RUNPATH_SEARCH_PATHS = "$(inherited) @executable_path/Frameworks @loader_path/Frameworks";
				PRODUCT_BUNDLE_IDENTIFIER = MCTC.RegisterTests;
				PRODUCT_NAME = "$(TARGET_NAME)";
				TEST_HOST = "$(BUILT_PRODUCTS_DIR)/Register.app/Register";
			};
			name = Debug;
		};
		81C0A6411C6F8E5D004E47A1 /* Release */ = {
			isa = XCBuildConfiguration;
			buildSettings = {
				BUNDLE_LOADER = "$(TEST_HOST)";
				INFOPLIST_FILE = RegisterTests/Info.plist;
				LD_RUNPATH_SEARCH_PATHS = "$(inherited) @executable_path/Frameworks @loader_path/Frameworks";
				PRODUCT_BUNDLE_IDENTIFIER = MCTC.RegisterTests;
				PRODUCT_NAME = "$(TARGET_NAME)";
				TEST_HOST = "$(BUILT_PRODUCTS_DIR)/Register.app/Register";
			};
			name = Release;
		};
		81C0A6431C6F8E5D004E47A1 /* Debug */ = {
			isa = XCBuildConfiguration;
			buildSettings = {
				INFOPLIST_FILE = RegisterUITests/Info.plist;
				LD_RUNPATH_SEARCH_PATHS = "$(inherited) @executable_path/Frameworks @loader_path/Frameworks";
				PRODUCT_BUNDLE_IDENTIFIER = MCTC.RegisterUITests;
				PRODUCT_NAME = "$(TARGET_NAME)";
				TEST_TARGET_NAME = Register;
				USES_XCTRUNNER = YES;
			};
			name = Debug;
		};
		81C0A6441C6F8E5D004E47A1 /* Release */ = {
			isa = XCBuildConfiguration;
			buildSettings = {
				INFOPLIST_FILE = RegisterUITests/Info.plist;
				LD_RUNPATH_SEARCH_PATHS = "$(inherited) @executable_path/Frameworks @loader_path/Frameworks";
				PRODUCT_BUNDLE_IDENTIFIER = MCTC.RegisterUITests;
				PRODUCT_NAME = "$(TARGET_NAME)";
				TEST_TARGET_NAME = Register;
				USES_XCTRUNNER = YES;
			};
			name = Release;
		};
/* End XCBuildConfiguration section */

/* Begin XCConfigurationList section */
		81C0A60F1C6F8E5C004E47A1 /* Build configuration list for PBXProject "Register" */ = {
			isa = XCConfigurationList;
			buildConfigurations = (
				81C0A63A1C6F8E5C004E47A1 /* Debug */,
				81C0A63B1C6F8E5C004E47A1 /* Release */,
			);
			defaultConfigurationIsVisible = 0;
			defaultConfigurationName = Release;
		};
		81C0A63C1C6F8E5C004E47A1 /* Build configuration list for PBXNativeTarget "Register" */ = {
			isa = XCConfigurationList;
			buildConfigurations = (
				81C0A63D1C6F8E5C004E47A1 /* Debug */,
				81C0A63E1C6F8E5C004E47A1 /* Release */,
			);
			defaultConfigurationIsVisible = 0;
		};
		81C0A63F1C6F8E5D004E47A1 /* Build configuration list for PBXNativeTarget "RegisterTests" */ = {
			isa = XCConfigurationList;
			buildConfigurations = (
				81C0A6401C6F8E5D004E47A1 /* Debug */,
				81C0A6411C6F8E5D004E47A1 /* Release */,
			);
			defaultConfigurationIsVisible = 0;
		};
		81C0A6421C6F8E5D004E47A1 /* Build configuration list for PBXNativeTarget "RegisterUITests" */ = {
			isa = XCConfigurationList;
			buildConfigurations = (
				81C0A6431C6F8E5D004E47A1 /* Debug */,
				81C0A6441C6F8E5D004E47A1 /* Release */,
			);
			defaultConfigurationIsVisible = 0;
		};
/* End XCConfigurationList section */
	};
	rootObject = 81C0A60C1C6F8E5C004E47A1 /* Project object */;
}
